
Microsoft Visual Studio Solution File, Format Version 12.00
# Visual Studio 15
VisualStudioVersion = 15.0.27428.2011
MinimumVisualStudioVersion = 10.0.40219.1
Project("{FAE04EC0-301F-11D3-BF4B-00C04F79EFBC}") = "MartinHolden.Build.Tasks", "martinholden.build.tasks\MartinHolden.Build.Tasks.csproj", "{DB8FC345-F428-4D7C-9ED3-F788C6CD22A6}"
EndProject
Global
	GlobalSection(SolutionConfigurationPlatforms) = preSolution
		Debug|Any CPU = Debug|Any CPU
		Release|Any CPU = Release|Any CPU
	EndGlobalSection
	GlobalSection(ProjectConfigurationPlatforms) = postSolution
		{DB8FC345-F428-4D7C-9ED3-F788C6CD22A6}.Debug|Any CPU.ActiveCfg = Debug|Any CPU
		{DB8FC345-F428-4D7C-9ED3-F788C6CD22A6}.Debug|Any CPU.Build.0 = Debug|Any CPU
		{DB8FC345-F428-4D7C-9ED3-F788C6CD22A6}.Release|Any CPU.ActiveCfg = Release|Any CPU
		{DB8FC345-F428-4D7C-9ED3-F788C6CD22A6}.Release|Any CPU.Build.0 = Release|Any CPU
	EndGlobalSection
	GlobalSection(SolutionProperties) = preSolution
		HideSolutionNode = FALSE
	EndGlobalSection
	GlobalSection(ExtensibilityGlobals) = postSolution
		SolutionGuid = {CADE9005-4884-4FC0-AF13-A3C70AB9DDAF}
	EndGlobalSection
EndGlobal
